
Microsoft Visual Studio Solution File, Format Version 12.00
# Visual Studio 2012
Project("{E24C65DC-7377-472B-9ABA-BC803B73C61A}") = "minhphuong", "..\..\..\Desktop\minhphuong\", "{82835941-4D9C-4B2D-884C-F87E7BEFADDB}"
	ProjectSection(WebsiteProperties) = preProject
		TargetFrameworkMoniker = ".NETFramework,Version%3Dv4.0"
		Debug.AspNetCompiler.VirtualPath = "/minhphuong"
		Debug.AspNetCompiler.PhysicalPath = "..\..\..\..\Desktop\minhphuong\"
		Debug.AspNetCompiler.TargetPath = "PrecompiledWeb\minhphuong\"
		Debug.AspNetCompiler.Updateable = "true"
		Debug.AspNetCompiler.ForceOverwrite = "true"
		Debug.AspNetCompiler.FixedNames = "false"
		Debug.AspNetCompiler.Debug = "True"
		Release.AspNetCompiler.VirtualPath = "/minhphuong"
		Release.AspNetCompiler.PhysicalPath = "..\..\..\..\Desktop\minhphuong\"
		Release.AspNetCompiler.TargetPath = "PrecompiledWeb\minhphuong\"
		Release.AspNetCompiler.Updateable = "true"
		Release.AspNetCompiler.ForceOverwrite = "true"
		Release.AspNetCompiler.FixedNames = "false"
		Release.AspNetCompiler.Debug = "False"
		VWDPort = "56939"
	EndProjectSection
EndProject
Global
	GlobalSection(SolutionConfigurationPlatforms) = preSolution
		Debug|Any CPU = Debug|Any CPU
	EndGlobalSection
	GlobalSection(ProjectConfigurationPlatforms) = postSolution
		{82835941-4D9C-4B2D-884C-F87E7BEFADDB}.Debug|Any CPU.ActiveCfg = Debug|Any CPU
		{82835941-4D9C-4B2D-884C-F87E7BEFADDB}.Debug|Any CPU.Build.0 = Debug|Any CPU
	EndGlobalSection
	GlobalSection(SolutionProperties) = preSolution
		HideSolutionNode = FALSE
	EndGlobalSection
EndGlobal
